
Microsoft Visual Studio Solution File, Format Version 12.00
Project("{FAE04EC0-301F-11D3-BF4B-00C04F79EFBC}") = "AjudeiMais.Ecommerce", "AjudeiMais.Ecommerce\AjudeiMais.Ecommerce.csproj", "{9CB7C7DA-88F8-4C43-87A3-41B6A7FF8C43}"
EndProject
Project("{FAE04EC0-301F-11D3-BF4B-00C04F79EFBC}") = "AjudeiMais.Data", "AjudeiMais.Data\AjudeiMais.Data.csproj", "{23D76626-008B-4747-ADA6-A30FE5172122}"
EndProject
Project("{FAE04EC0-301F-11D3-BF4B-00C04F79EFBC}") = "AjudeiMais.API", "AjudeiMais.API\AjudeiMais.API.csproj", "{C24D8469-54A5-4BE2-95BC-05F961AF7B20}"
EndProject
Global
	GlobalSection(SolutionConfigurationPlatforms) = preSolution
		Debug|Any CPU = Debug|Any CPU
		Release|Any CPU = Release|Any CPU
	EndGlobalSection
	GlobalSection(ProjectConfigurationPlatforms) = postSolution
		{9CB7C7DA-88F8-4C43-87A3-41B6A7FF8C43}.Debug|Any CPU.ActiveCfg = Debug|Any CPU
		{9CB7C7DA-88F8-4C43-87A3-41B6A7FF8C43}.Debug|Any CPU.Build.0 = Debug|Any CPU
		{9CB7C7DA-88F8-4C43-87A3-41B6A7FF8C43}.Release|Any CPU.ActiveCfg = Release|Any CPU
		{9CB7C7DA-88F8-4C43-87A3-41B6A7FF8C43}.Release|Any CPU.Build.0 = Release|Any CPU
		{23D76626-008B-4747-ADA6-A30FE5172122}.Debug|Any CPU.ActiveCfg = Debug|Any CPU
		{23D76626-008B-4747-ADA6-A30FE5172122}.Debug|Any CPU.Build.0 = Debug|Any CPU
		{23D76626-008B-4747-ADA6-A30FE5172122}.Release|Any CPU.ActiveCfg = Release|Any CPU
		{23D76626-008B-4747-ADA6-A30FE5172122}.Release|Any CPU.Build.0 = Release|Any CPU
		{C24D8469-54A5-4BE2-95BC-05F961AF7B20}.Debug|Any CPU.ActiveCfg = Debug|Any CPU
		{C24D8469-54A5-4BE2-95BC-05F961AF7B20}.Debug|Any CPU.Build.0 = Debug|Any CPU
		{C24D8469-54A5-4BE2-95BC-05F961AF7B20}.Release|Any CPU.ActiveCfg = Release|Any CPU
		{C24D8469-54A5-4BE2-95BC-05F961AF7B20}.Release|Any CPU.Build.0 = Release|Any CPU
	EndGlobalSection
EndGlobal
